
Microsoft Visual Studio Solution File, Format Version 12.00
# Visual Studio Version 17
VisualStudioVersion = 17.7.34221.43
MinimumVisualStudioVersion = 10.0.40219.1
Project("{888888A0-9F3D-457C-B088-3A5042F75D52}") = "Work№2", "Work№2.pyproj", "{B915153B-82FA-4D37-A9C2-31BE300CCA72}"
EndProject
Global
	GlobalSection(SolutionConfigurationPlatforms) = preSolution
		Debug|Any CPU = Debug|Any CPU
		Release|Any CPU = Release|Any CPU
	EndGlobalSection
	GlobalSection(ProjectConfigurationPlatforms) = postSolution
		{B915153B-82FA-4D37-A9C2-31BE300CCA72}.Debug|Any CPU.ActiveCfg = Debug|Any CPU
		{B915153B-82FA-4D37-A9C2-31BE300CCA72}.Release|Any CPU.ActiveCfg = Release|Any CPU
	EndGlobalSection
	GlobalSection(SolutionProperties) = preSolution
		HideSolutionNode = FALSE
	EndGlobalSection
	GlobalSection(ExtensibilityGlobals) = postSolution
		SolutionGuid = {C6DCFD33-4544-484C-837B-74C3F4FDCDD0}
	EndGlobalSection
EndGlobal
